// !$*UTF8*$!
{
	archiveVersion = 1;
	classes = {
	};
	objectVersion = 56;
	objects = {

/* Begin PBXBuildFile section */
		FA5BE7D12C9DDC5600EDE66B /* AppDelegate.swift in Sources */ = {isa = PBXBuildFile; fileRef = FA5BE7D02C9DDC5600EDE66B /* AppDelegate.swift */; };
		FA5BE7DA2C9DDC5700EDE66B /* Assets.xcassets in Resources */ = {isa = PBXBuildFile; fileRef = FA5BE7D92C9DDC5700EDE66B /* Assets.xcassets */; };
		FA5BE7DD2C9DDC5700EDE66B /* Base in Resources */ = {isa = PBXBuildFile; fileRef = FA5BE7DC2C9DDC5700EDE66B /* Base */; };
		FA5BE7E52C9DDCE600EDE66B /* TableViewController.swift in Sources */ = {isa = PBXBuildFile; fileRef = FA5BE7E42C9DDCE600EDE66B /* TableViewController.swift */; };
		FA5BE7E92C9DE2BC00EDE66B /* TableViewModel.swift in Sources */ = {isa = PBXBuildFile; fileRef = FA5BE7E82C9DE2BC00EDE66B /* TableViewModel.swift */; };
		FA5BE7EB2C9DE35D00EDE66B /* SectionViewModel.swift in Sources */ = {isa = PBXBuildFile; fileRef = FA5BE7EA2C9DE35D00EDE66B /* SectionViewModel.swift */; };
		FA5BE7ED2C9DE39900EDE66B /* NoteModel.swift in Sources */ = {isa = PBXBuildFile; fileRef = FA5BE7EC2C9DE39900EDE66B /* NoteModel.swift */; };
		FA5BE7F12C9DE7D300EDE66B /* NoteTableViewCell.swift in Sources */ = {isa = PBXBuildFile; fileRef = FA5BE7F02C9DE7D300EDE66B /* NoteTableViewCell.swift */; };
		FA5BE7F32C9DE8CC00EDE66B /* NoteViewModel.swift in Sources */ = {isa = PBXBuildFile; fileRef = FA5BE7F22C9DE8CC00EDE66B /* NoteViewModel.swift */; };
		FA5BE7F52C9E03FA00EDE66B /* UIColor+Ex.swift in Sources */ = {isa = PBXBuildFile; fileRef = FA5BE7F42C9E03FA00EDE66B /* UIColor+Ex.swift */; };
		FA5BE7F92C9EAFED00EDE66B /* DetailViewController.swift in Sources */ = {isa = PBXBuildFile; fileRef = FA5BE7F82C9EAFED00EDE66B /* DetailViewController.swift */; };
		FA5BE7FF2C9EB40200EDE66B /* DetailViewModel.swift in Sources */ = {isa = PBXBuildFile; fileRef = FA5BE7FE2C9EB40200EDE66B /* DetailViewModel.swift */; };
		FA5BE8022C9EBBD100EDE66B /* CoreDataManager.swift in Sources */ = {isa = PBXBuildFile; fileRef = FA5BE8012C9EBBD100EDE66B /* CoreDataManager.swift */; };
		FA5BE8062C9EBC1300EDE66B /* DataModel.xcdatamodeld in Sources */ = {isa = PBXBuildFile; fileRef = FA5BE8042C9EBC1300EDE66B /* DataModel.xcdatamodeld */; };
		FA5BE8082C9EBCA200EDE66B /* Note+CoreDataProperties.swift in Sources */ = {isa = PBXBuildFile; fileRef = FA5BE8072C9EBCA200EDE66B /* Note+CoreDataProperties.swift */; };
/* End PBXBuildFile section */

/* Begin PBXFileReference section */
		FA5BE7CD2C9DDC5600EDE66B /* NotesApp.app */ = {isa = PBXFileReference; explicitFileType = wrapper.application; includeInIndex = 0; path = NotesApp.app; sourceTree = BUILT_PRODUCTS_DIR; };
		FA5BE7D02C9DDC5600EDE66B /* AppDelegate.swift */ = {isa = PBXFileReference; lastKnownFileType = sourcecode.swift; path = AppDelegate.swift; sourceTree = "<group>"; };
		FA5BE7D92C9DDC5700EDE66B /* Assets.xcassets */ = {isa = PBXFileReference; lastKnownFileType = folder.assetcatalog; path = Assets.xcassets; sourceTree = "<group>"; };
		FA5BE7DC2C9DDC5700EDE66B /* Base */ = {isa = PBXFileReference; lastKnownFileType = file.storyboard; name = Base; path = Base.lproj/LaunchScreen.storyboard; sourceTree = "<group>"; };
		FA5BE7DE2C9DDC5700EDE66B /* Info.plist */ = {isa = PBXFileReference; lastKnownFileType = text.plist.xml; path = Info.plist; sourceTree = "<group>"; };
		FA5BE7E42C9DDCE600EDE66B /* TableViewController.swift */ = {isa = PBXFileReference; lastKnownFileType = sourcecode.swift; path = TableViewController.swift; sourceTree = "<group>"; };
		FA5BE7E82C9DE2BC00EDE66B /* TableViewModel.swift */ = {isa = PBXFileReference; lastKnownFileType = sourcecode.swift; path = TableViewModel.swift; sourceTree = "<group>"; };
		FA5BE7EA2C9DE35D00EDE66B /* SectionViewModel.swift */ = {isa = PBXFileReference; lastKnownFileType = sourcecode.swift; path = SectionViewModel.swift; sourceTree = "<group>"; };
		FA5BE7EC2C9DE39900EDE66B /* NoteModel.swift */ = {isa = PBXFileReference; lastKnownFileType = sourcecode.swift; path = NoteModel.swift; sourceTree = "<group>"; };
		FA5BE7F02C9DE7D300EDE66B /* NoteTableViewCell.swift */ = {isa = PBXFileReference; lastKnownFileType = sourcecode.swift; path = NoteTableViewCell.swift; sourceTree = "<group>"; };
		FA5BE7F22C9DE8CC00EDE66B /* NoteViewModel.swift */ = {isa = PBXFileReference; lastKnownFileType = sourcecode.swift; path = NoteViewModel.swift; sourceTree = "<group>"; };
		FA5BE7F42C9E03FA00EDE66B /* UIColor+Ex.swift */ = {isa = PBXFileReference; lastKnownFileType = sourcecode.swift; path = "UIColor+Ex.swift"; sourceTree = "<group>"; };
		FA5BE7F82C9EAFED00EDE66B /* DetailViewController.swift */ = {isa = PBXFileReference; lastKnownFileType = sourcecode.swift; path = DetailViewController.swift; sourceTree = "<group>"; };
		FA5BE7FE2C9EB40200EDE66B /* DetailViewModel.swift */ = {isa = PBXFileReference; lastKnownFileType = sourcecode.swift; path = DetailViewModel.swift; sourceTree = "<group>"; };
		FA5BE8012C9EBBD100EDE66B /* CoreDataManager.swift */ = {isa = PBXFileReference; lastKnownFileType = sourcecode.swift; path = CoreDataManager.swift; sourceTree = "<group>"; };
		FA5BE8052C9EBC1300EDE66B /* DataModel.xcdatamodel */ = {isa = PBXFileReference; lastKnownFileType = wrapper.xcdatamodel; path = DataModel.xcdatamodel; sourceTree = "<group>"; };
		FA5BE8072C9EBCA200EDE66B /* Note+CoreDataProperties.swift */ = {isa = PBXFileReference; lastKnownFileType = sourcecode.swift; path = "Note+CoreDataProperties.swift"; sourceTree = "<group>"; };
/* End PBXFileReference section */

/* Begin PBXFrameworksBuildPhase section */
		FA5BE7CA2C9DDC5600EDE66B /* Frameworks */ = {
			isa = PBXFrameworksBuildPhase;
			buildActionMask = 2147483647;
			files = (
			);
			runOnlyForDeploymentPostprocessing = 0;
		};
/* End PBXFrameworksBuildPhase section */

/* Begin PBXGroup section */
		FA5BE7C42C9DDC5600EDE66B = {
			isa = PBXGroup;
			children = (
				FA5BE7CF2C9DDC5600EDE66B /* NotesApp */,
				FA5BE7CE2C9DDC5600EDE66B /* Products */,
			);
			sourceTree = "<group>";
		};
		FA5BE7CE2C9DDC5600EDE66B /* Products */ = {
			isa = PBXGroup;
			children = (
				FA5BE7CD2C9DDC5600EDE66B /* NotesApp.app */,
			);
			name = Products;
			sourceTree = "<group>";
		};
		FA5BE7CF2C9DDC5600EDE66B /* NotesApp */ = {
			isa = PBXGroup;
			children = (
				FA5BE7D02C9DDC5600EDE66B /* AppDelegate.swift */,
				FA5BE7FD2C9EB3F900EDE66B /* Detail */,
				FA5BE7FB2C9EB3E400EDE66B /* Table */,
				FA5BE7E62C9DDE7F00EDE66B /* Resources */,
				FA5BE7FA2C9EB3C100EDE66B /* Extensions */,
				FA5BE8032C9EBC0000EDE66B /* CoreData */,
			);
			path = NotesApp;
			sourceTree = "<group>";
		};
		FA5BE7E62C9DDE7F00EDE66B /* Resources */ = {
			isa = PBXGroup;
			children = (
				FA5BE7D92C9DDC5700EDE66B /* Assets.xcassets */,
				FA5BE7DE2C9DDC5700EDE66B /* Info.plist */,
			);
			path = Resources;
			sourceTree = "<group>";
		};
		FA5BE7E72C9DDEA000EDE66B /* View */ = {
			isa = PBXGroup;
			children = (
				FA5BE7DB2C9DDC5700EDE66B /* LaunchScreen.storyboard */,
				FA5BE7E42C9DDCE600EDE66B /* TableViewController.swift */,
				FA5BE7F02C9DE7D300EDE66B /* NoteTableViewCell.swift */,
			);
			path = View;
			sourceTree = "<group>";
		};
		FA5BE7EE2C9DE41A00EDE66B /* Model */ = {
			isa = PBXGroup;
			children = (
				FA5BE7EC2C9DE39900EDE66B /* NoteModel.swift */,
			);
			path = Model;
			sourceTree = "<group>";
		};
		FA5BE7EF2C9DE42500EDE66B /* ViewModel */ = {
			isa = PBXGroup;
			children = (
				FA5BE7E82C9DE2BC00EDE66B /* TableViewModel.swift */,
				FA5BE7EA2C9DE35D00EDE66B /* SectionViewModel.swift */,
				FA5BE7F22C9DE8CC00EDE66B /* NoteViewModel.swift */,
			);
			path = ViewModel;
			sourceTree = "<group>";
		};
		FA5BE7FA2C9EB3C100EDE66B /* Extensions */ = {
			isa = PBXGroup;
			children = (
				FA5BE7F42C9E03FA00EDE66B /* UIColor+Ex.swift */,
			);
			path = Extensions;
			sourceTree = "<group>";
		};
		FA5BE7FB2C9EB3E400EDE66B /* Table */ = {
			isa = PBXGroup;
			children = (
				FA5BE7EE2C9DE41A00EDE66B /* Model */,
				FA5BE7E72C9DDEA000EDE66B /* View */,
				FA5BE7EF2C9DE42500EDE66B /* ViewModel */,
			);
			path = Table;
			sourceTree = "<group>";
		};
		FA5BE7FC2C9EB3F300EDE66B /* View */ = {
			isa = PBXGroup;
			children = (
				FA5BE7F82C9EAFED00EDE66B /* DetailViewController.swift */,
			);
			path = View;
			sourceTree = "<group>";
		};
		FA5BE7FD2C9EB3F900EDE66B /* Detail */ = {
			isa = PBXGroup;
			children = (
				FA5BE7FC2C9EB3F300EDE66B /* View */,
				FA5BE8002C9EB42200EDE66B /* ViewModel */,
			);
			path = Detail;
			sourceTree = "<group>";
		};
		FA5BE8002C9EB42200EDE66B /* ViewModel */ = {
			isa = PBXGroup;
			children = (
				FA5BE7FE2C9EB40200EDE66B /* DetailViewModel.swift */,
			);
			path = ViewModel;
			sourceTree = "<group>";
		};
		FA5BE8032C9EBC0000EDE66B /* CoreData */ = {
			isa = PBXGroup;
			children = (
				FA5BE8072C9EBCA200EDE66B /* Note+CoreDataProperties.swift */,
				FA5BE8012C9EBBD100EDE66B /* CoreDataManager.swift */,
				FA5BE8042C9EBC1300EDE66B /* DataModel.xcdatamodeld */,
			);
			path = CoreData;
			sourceTree = "<group>";
		};
/* End PBXGroup section */

/* Begin PBXNativeTarget section */
		FA5BE7CC2C9DDC5600EDE66B /* NotesApp */ = {
			isa = PBXNativeTarget;
			buildConfigurationList = FA5BE7E12C9DDC5700EDE66B /* Build configuration list for PBXNativeTarget "NotesApp" */;
			buildPhases = (
				FA5BE7C92C9DDC5600EDE66B /* Sources */,
				FA5BE7CA2C9DDC5600EDE66B /* Frameworks */,
				FA5BE7CB2C9DDC5600EDE66B /* Resources */,
			);
			buildRules = (
			);
			dependencies = (
			);
			name = NotesApp;
			productName = NotesApp;
			productReference = FA5BE7CD2C9DDC5600EDE66B /* NotesApp.app */;
			productType = "com.apple.product-type.application";
		};
/* End PBXNativeTarget section */

/* Begin PBXProject section */
		FA5BE7C52C9DDC5600EDE66B /* Project object */ = {
			isa = PBXProject;
			attributes = {
				BuildIndependentTargetsInParallel = 1;
				LastSwiftUpdateCheck = 1540;
				LastUpgradeCheck = 1540;
				TargetAttributes = {
					FA5BE7CC2C9DDC5600EDE66B = {
						CreatedOnToolsVersion = 15.4;
					};
				};
			};
			buildConfigurationList = FA5BE7C82C9DDC5600EDE66B /* Build configuration list for PBXProject "NotesApp" */;
			compatibilityVersion = "Xcode 14.0";
			developmentRegion = en;
			hasScannedForEncodings = 0;
			knownRegions = (
				en,
				Base,
			);
			mainGroup = FA5BE7C42C9DDC5600EDE66B;
			productRefGroup = FA5BE7CE2C9DDC5600EDE66B /* Products */;
			projectDirPath = "";
			projectRoot = "";
			targets = (
				FA5BE7CC2C9DDC5600EDE66B /* NotesApp */,
			);
		};
/* End PBXProject section */

/* Begin PBXResourcesBuildPhase section */
		FA5BE7CB2C9DDC5600EDE66B /* Resources */ = {
			isa = PBXResourcesBuildPhase;
			buildActionMask = 2147483647;
			files = (
				FA5BE7DA2C9DDC5700EDE66B /* Assets.xcassets in Resources */,
				FA5BE7DD2C9DDC5700EDE66B /* Base in Resources */,
			);
			runOnlyForDeploymentPostprocessing = 0;
		};
/* End PBXResourcesBuildPhase section */

/* Begin PBXSourcesBuildPhase section */
		FA5BE7C92C9DDC5600EDE66B /* Sources */ = {
			isa = PBXSourcesBuildPhase;
			buildActionMask = 2147483647;
			files = (
				FA5BE7F92C9EAFED00EDE66B /* DetailViewController.swift in Sources */,
				FA5BE7F52C9E03FA00EDE66B /* UIColor+Ex.swift in Sources */,
				FA5BE7F32C9DE8CC00EDE66B /* NoteViewModel.swift in Sources */,
				FA5BE8082C9EBCA200EDE66B /* Note+CoreDataProperties.swift in Sources */,
				FA5BE7FF2C9EB40200EDE66B /* DetailViewModel.swift in Sources */,
				FA5BE8022C9EBBD100EDE66B /* CoreDataManager.swift in Sources */,
				FA5BE7ED2C9DE39900EDE66B /* NoteModel.swift in Sources */,
				FA5BE7E92C9DE2BC00EDE66B /* TableViewModel.swift in Sources */,
				FA5BE7D12C9DDC5600EDE66B /* AppDelegate.swift in Sources */,
				FA5BE7EB2C9DE35D00EDE66B /* SectionViewModel.swift in Sources */,
				FA5BE8062C9EBC1300EDE66B /* DataModel.xcdatamodeld in Sources */,
				FA5BE7E52C9DDCE600EDE66B /* TableViewController.swift in Sources */,
				FA5BE7F12C9DE7D300EDE66B /* NoteTableViewCell.swift in Sources */,
			);
			runOnlyForDeploymentPostprocessing = 0;
		};
/* End PBXSourcesBuildPhase section */

/* Begin PBXVariantGroup section */
		FA5BE7DB2C9DDC5700EDE66B /* LaunchScreen.storyboard */ = {
			isa = PBXVariantGroup;
			children = (
				FA5BE7DC2C9DDC5700EDE66B /* Base */,
			);
			name = LaunchScreen.storyboard;
			sourceTree = "<group>";
		};
/* End PBXVariantGroup section */

/* Begin XCBuildConfiguration section */
		FA5BE7DF2C9DDC5700EDE66B /* Debug */ = {
			isa = XCBuildConfiguration;
			buildSettings = {
				ALWAYS_SEARCH_USER_PATHS = NO;
				ASSETCATALOG_COMPILER_GENERATE_SWIFT_ASSET_SYMBOL_EXTENSIONS = YES;
				CLANG_ANALYZER_NONNULL = YES;
				CLANG_ANALYZER_NUMBER_OBJECT_CONVERSION = YES_AGGRESSIVE;
				CLANG_CXX_LANGUAGE_STANDARD = "gnu++20";
				CLANG_ENABLE_MODULES = YES;
				CLANG_ENABLE_OBJC_ARC = YES;
				CLANG_ENABLE_OBJC_WEAK = YES;
				CLANG_WARN_BLOCK_CAPTURE_AUTORELEASING = YES;
				CLANG_WARN_BOOL_CONVERSION = YES;
				CLANG_WARN_COMMA = YES;
				CLANG_WARN_CONSTANT_CONVERSION = YES;
				CLANG_WARN_DEPRECATED_OBJC_IMPLEMENTATIONS = YES;
				CLANG_WARN_DIRECT_OBJC_ISA_USAGE = YES_ERROR;
				CLANG_WARN_DOCUMENTATION_COMMENTS = YES;
				CLANG_WARN_EMPTY_BODY = YES;
				CLANG_WARN_ENUM_CONVERSION = YES;
				CLANG_WARN_INFINITE_RECURSION = YES;
				CLANG_WARN_INT_CONVERSION = YES;
				CLANG_WARN_NON_LITERAL_NULL_CONVERSION = YES;
				CLANG_WARN_OBJC_IMPLICIT_RETAIN_SELF = YES;
				CLANG_WARN_OBJC_LITERAL_CONVERSION = YES;
				CLANG_WARN_OBJC_ROOT_CLASS = YES_ERROR;
				CLANG_WARN_QUOTED_INCLUDE_IN_FRAMEWORK_HEADER = YES;
				CLANG_WARN_RANGE_LOOP_ANALYSIS = YES;
				CLANG_WARN_STRICT_PROTOTYPES = YES;
				CLANG_WARN_SUSPICIOUS_MOVE = YES;
				CLANG_WARN_UNGUARDED_AVAILABILITY = YES_AGGRESSIVE;
				CLANG_WARN_UNREACHABLE_CODE = YES;
				CLANG_WARN__DUPLICATE_METHOD_MATCH = YES;
				COPY_PHASE_STRIP = NO;
				DEBUG_INFORMATION_FORMAT = dwarf;
				ENABLE_STRICT_OBJC_MSGSEND = YES;
				ENABLE_TESTABILITY = YES;
				ENABLE_USER_SCRIPT_SANDBOXING = YES;
				GCC_C_LANGUAGE_STANDARD = gnu17;
				GCC_DYNAMIC_NO_PIC = NO;
				GCC_NO_COMMON_BLOCKS = YES;
				GCC_OPTIMIZATION_LEVEL = 0;
				GCC_PREPROCESSOR_DEFINITIONS = (
					"DEBUG=1",
					"$(inherited)",
				);
				GCC_WARN_64_TO_32_BIT_CONVERSION = YES;
				GCC_WARN_ABOUT_RETURN_TYPE = YES_ERROR;
				GCC_WARN_UNDECLARED_SELECTOR = YES;
				GCC_WARN_UNINITIALIZED_AUTOS = YES_AGGRESSIVE;
				GCC_WARN_UNUSED_FUNCTION = YES;
				GCC_WARN_UNUSED_VARIABLE = YES;
				IPHONEOS_DEPLOYMENT_TARGET = 17.5;
				LOCALIZATION_PREFERS_STRING_CATALOGS = YES;
				MTL_ENABLE_DEBUG_INFO = INCLUDE_SOURCE;
				MTL_FAST_MATH = YES;
				ONLY_ACTIVE_ARCH = YES;
				SDKROOT = iphoneos;
				SWIFT_ACTIVE_COMPILATION_CONDITIONS = "DEBUG $(inherited)";
				SWIFT_OPTIMIZATION_LEVEL = "-Onone";
			};
			name = Debug;
		};
		FA5BE7E02C9DDC5700EDE66B /* Release */ = {
			isa = XCBuildConfiguration;
			buildSettings = {
				ALWAYS_SEARCH_USER_PATHS = NO;
				ASSETCATALOG_COMPILER_GENERATE_SWIFT_ASSET_SYMBOL_EXTENSIONS = YES;
				CLANG_ANALYZER_NONNULL = YES;
				CLANG_ANALYZER_NUMBER_OBJECT_CONVERSION = YES_AGGRESSIVE;
				CLANG_CXX_LANGUAGE_STANDARD = "gnu++20";
				CLANG_ENABLE_MODULES = YES;
				CLANG_ENABLE_OBJC_ARC = YES;
				CLANG_ENABLE_OBJC_WEAK = YES;
				CLANG_WARN_BLOCK_CAPTURE_AUTORELEASING = YES;
				CLANG_WARN_BOOL_CONVERSION = YES;
				CLANG_WARN_COMMA = YES;
				CLANG_WARN_CONSTANT_CONVERSION = YES;
				CLANG_WARN_DEPRECATED_OBJC_IMPLEMENTATIONS = YES;
				CLANG_WARN_DIRECT_OBJC_ISA_USAGE = YES_ERROR;
				CLANG_WARN_DOCUMENTATION_COMMENTS = YES;
				CLANG_WARN_EMPTY_BODY = YES;
				CLANG_WARN_ENUM_CONVERSION = YES;
				CLANG_WARN_INFINITE_RECURSION = YES;
				CLANG_WARN_INT_CONVERSION = YES;
				CLANG_WARN_NON_LITERAL_NULL_CONVERSION = YES;
				CLANG_WARN_OBJC_IMPLICIT_RETAIN_SELF = YES;
				CLANG_WARN_OBJC_LITERAL_CONVERSION = YES;
				CLANG_WARN_OBJC_ROOT_CLASS = YES_ERROR;
				CLANG_WARN_QUOTED_INCLUDE_IN_FRAMEWORK_HEADER = YES;
				CLANG_WARN_RANGE_LOOP_ANALYSIS = YES;
				CLANG_WARN_STRICT_PROTOTYPES = YES;
				CLANG_WARN_SUSPICIOUS_MOVE = YES;
				CLANG_WARN_UNGUARDED_AVAILABILITY = YES_AGGRESSIVE;
				CLANG_WARN_UNREACHABLE_CODE = YES;
				CLANG_WARN__DUPLICATE_METHOD_MATCH = YES;
				COPY_PHASE_STRIP = NO;
				DEBUG_INFORMATION_FORMAT = "dwarf-with-dsym";
				ENABLE_NS_ASSERTIONS = NO;
				ENABLE_STRICT_OBJC_MSGSEND = YES;
				ENABLE_USER_SCRIPT_SANDBOXING = YES;
				GCC_C_LANGUAGE_STANDARD = gnu17;
				GCC_NO_COMMON_BLOCKS = YES;
				GCC_WARN_64_TO_32_BIT_CONVERSION = YES;
				GCC_WARN_ABOUT_RETURN_TYPE = YES_ERROR;
				GCC_WARN_UNDECLARED_SELECTOR = YES;
				GCC_WARN_UNINITIALIZED_AUTOS = YES_AGGRESSIVE;
				GCC_WARN_UNUSED_FUNCTION = YES;
				GCC_WARN_UNUSED_VARIABLE = YES;
				IPHONEOS_DEPLOYMENT_TARGET = 17.5;
				LOCALIZATION_PREFERS_STRING_CATALOGS = YES;
				MTL_ENABLE_DEBUG_INFO = NO;
				MTL_FAST_MATH = YES;
				SDKROOT = iphoneos;
				SWIFT_COMPILATION_MODE = wholemodule;
				VALIDATE_PRODUCT = YES;
			};
			name = Release;
		};
		FA5BE7E22C9DDC5700EDE66B /* Debug */ = {
			isa = XCBuildConfiguration;
			buildSettings = {
				ASSETCATALOG_COMPILER_APPICON_NAME = AppIcon;
				ASSETCATALOG_COMPILER_GLOBAL_ACCENT_COLOR_NAME = AccentColor;
				CODE_SIGN_STYLE = Automatic;
				CURRENT_PROJECT_VERSION = 1;
				GENERATE_INFOPLIST_FILE = YES;
				INFOPLIST_FILE = NotesApp/Resources/Info.plist;
				INFOPLIST_KEY_UIApplicationSupportsIndirectInputEvents = YES;
				INFOPLIST_KEY_UILaunchStoryboardName = LaunchScreen;
				INFOPLIST_KEY_UISupportedInterfaceOrientations_iPad = "UIInterfaceOrientationPortrait UIInterfaceOrientationPortraitUpsideDown UIInterfaceOrientationLandscapeLeft UIInterfaceOrientationLandscapeRight";
				INFOPLIST_KEY_UISupportedInterfaceOrientations_iPhone = "UIInterfaceOrientationPortrait UIInterfaceOrientationLandscapeLeft UIInterfaceOrientationLandscapeRight";
				LD_RUNPATH_SEARCH_PATHS = (
					"$(inherited)",
					"@executable_path/Frameworks",
				);
				MARKETING_VERSION = 1.0;
				PRODUCT_BUNDLE_IDENTIFIER = "-.NotesApp";
				PRODUCT_NAME = "$(TARGET_NAME)";
				SWIFT_EMIT_LOC_STRINGS = YES;
				SWIFT_VERSION = 5.0;
				TARGETED_DEVICE_FAMILY = "1,2";
			};
			name = Debug;
		};
		FA5BE7E32C9DDC5700EDE66B /* Release */ = {
			isa = XCBuildConfiguration;
			buildSettings = {
				ASSETCATALOG_COMPILER_APPICON_NAME = AppIcon;
				ASSETCATALOG_COMPILER_GLOBAL_ACCENT_COLOR_NAME = AccentColor;
				CODE_SIGN_STYLE = Automatic;
				CURRENT_PROJECT_VERSION = 1;
				GENERATE_INFOPLIST_FILE = YES;
				INFOPLIST_FILE = NotesApp/Resources/Info.plist;
				INFOPLIST_KEY_UIApplicationSupportsIndirectInputEvents = YES;
				INFOPLIST_KEY_UILaunchStoryboardName = LaunchScreen;
				INFOPLIST_KEY_UISupportedInterfaceOrientations_iPad = "UIInterfaceOrientationPortrait UIInterfaceOrientationPortraitUpsideDown UIInterfaceOrientationLandscapeLeft UIInterfaceOrientationLandscapeRight";
				INFOPLIST_KEY_UISupportedInterfaceOrientations_iPhone = "UIInterfaceOrientationPortrait UIInterfaceOrientationLandscapeLeft UIInterfaceOrientationLandscapeRight";
				LD_RUNPATH_SEARCH_PATHS = (
					"$(inherited)",
					"@executable_path/Frameworks",
				);
				MARKETING_VERSION = 1.0;
				PRODUCT_BUNDLE_IDENTIFIER = "-.NotesApp";
				PRODUCT_NAME = "$(TARGET_NAME)";
				SWIFT_EMIT_LOC_STRINGS = YES;
				SWIFT_VERSION = 5.0;
				TARGETED_DEVICE_FAMILY = "1,2";
			};
			name = Release;
		};
/* End XCBuildConfiguration section */

/* Begin XCConfigurationList section */
		FA5BE7C82C9DDC5600EDE66B /* Build configuration list for PBXProject "NotesApp" */ = {
			isa = XCConfigurationList;
			buildConfigurations = (
				FA5BE7DF2C9DDC5700EDE66B /* Debug */,
				FA5BE7E02C9DDC5700EDE66B /* Release */,
			);
			defaultConfigurationIsVisible = 0;
			defaultConfigurationName = Release;
		};
		FA5BE7E12C9DDC5700EDE66B /* Build configuration list for PBXNativeTarget "NotesApp" */ = {
			isa = XCConfigurationList;
			buildConfigurations = (
				FA5BE7E22C9DDC5700EDE66B /* Debug */,
				FA5BE7E32C9DDC5700EDE66B /* Release */,
			);
			defaultConfigurationIsVisible = 0;
			defaultConfigurationName = Release;
		};
/* End XCConfigurationList section */

/* Begin XCVersionGroup section */
		FA5BE8042C9EBC1300EDE66B /* DataModel.xcdatamodeld */ = {
			isa = XCVersionGroup;
			children = (
				FA5BE8052C9EBC1300EDE66B /* DataModel.xcdatamodel */,
			);
			currentVersion = FA5BE8052C9EBC1300EDE66B /* DataModel.xcdatamodel */;
			name = DataModel.xcdatamodeld;
			path = "/Users/alex/Documents/Projects GitHub/NotesApp/NotesApp/CoreData/DataModel.xcdatamodeld";
			sourceTree = "<group>";
			versionGroupType = wrapper.xcdatamodel;
		};
/* End XCVersionGroup section */
	};
	rootObject = FA5BE7C52C9DDC5600EDE66B /* Project object */;
}
